// !$*UTF8*$!
{
	archiveVersion = 1;
	classes = {
	};
	objectVersion = 55;
	objects = {

/* Begin PBXBuildFile section */
		7413BDD328D8523100CF1A56 /* BaseNewViewCell.swift in Sources */ = {isa = PBXBuildFile; fileRef = 7413BDD228D8523100CF1A56 /* BaseNewViewCell.swift */; };
		7413BDD728D85D5B00CF1A56 /* BaseNewView.swift in Sources */ = {isa = PBXBuildFile; fileRef = 7413BDD628D85D5B00CF1A56 /* BaseNewView.swift */; };
		7413BDD928D8652700CF1A56 /* FloatingButton.swift in Sources */ = {isa = PBXBuildFile; fileRef = 7413BDD828D8652600CF1A56 /* FloatingButton.swift */; };
		7443CA4C289AF0370011D92F /* SideMenuItemCell.swift in Sources */ = {isa = PBXBuildFile; fileRef = 7443CA4B289AF0370011D92F /* SideMenuItemCell.swift */; };
		7443CA4E289AF04B0011D92F /* SideMenuView.swift in Sources */ = {isa = PBXBuildFile; fileRef = 7443CA4D289AF04B0011D92F /* SideMenuView.swift */; };
		7443CA50289AF0C90011D92F /* SideMenuItem.swift in Sources */ = {isa = PBXBuildFile; fileRef = 7443CA4F289AF0C90011D92F /* SideMenuItem.swift */; };
		7443CA52289AF10D0011D92F /* ContainerViewController.swift in Sources */ = {isa = PBXBuildFile; fileRef = 7443CA51289AF10D0011D92F /* ContainerViewController.swift */; };
		7443CA54289AF1220011D92F /* ContentViewController.swift in Sources */ = {isa = PBXBuildFile; fileRef = 7443CA53289AF1220011D92F /* ContentViewController.swift */; };
		7443CA56289AF13B0011D92F /* ContentViewControllerPresentation.swift in Sources */ = {isa = PBXBuildFile; fileRef = 7443CA55289AF13B0011D92F /* ContentViewControllerPresentation.swift */; };
		7443CA58289AF14C0011D92F /* SideMenuViewController.swift in Sources */ = {isa = PBXBuildFile; fileRef = 7443CA57289AF14C0011D92F /* SideMenuViewController.swift */; };
		7443CA5D289AF1EB0011D92F /* AuthViewController.swift in Sources */ = {isa = PBXBuildFile; fileRef = 7443CA5C289AF1EB0011D92F /* AuthViewController.swift */; };
		7443CA5F289AF2050011D92F /* SettingsViewController.swift in Sources */ = {isa = PBXBuildFile; fileRef = 7443CA5E289AF2050011D92F /* SettingsViewController.swift */; };
		7443CA61289AF2180011D92F /* PomodoroViewController.swift in Sources */ = {isa = PBXBuildFile; fileRef = 7443CA60289AF2180011D92F /* PomodoroViewController.swift */; };
		7443CA63289AF2610011D92F /* ExtensionSideMenuViewController + show&hide.swift in Sources */ = {isa = PBXBuildFile; fileRef = 7443CA62289AF2610011D92F /* ExtensionSideMenuViewController + show&hide.swift */; };
		7443CA65289AF27F0011D92F /* ContainerViewComposer.swift in Sources */ = {isa = PBXBuildFile; fileRef = 7443CA64289AF27F0011D92F /* ContainerViewComposer.swift */; };
		7443CA6B289AF3380011D92F /* RemindersMainView.swift in Sources */ = {isa = PBXBuildFile; fileRef = 7443CA6A289AF3380011D92F /* RemindersMainView.swift */; };
		7443CA6D289AF3680011D92F /* RemindersMainViewController.swift in Sources */ = {isa = PBXBuildFile; fileRef = 7443CA6C289AF3680011D92F /* RemindersMainViewController.swift */; };
		7443CA74289AF3FF0011D92F /* TableHeaderView.swift in Sources */ = {isa = PBXBuildFile; fileRef = 7443CA73289AF3FF0011D92F /* TableHeaderView.swift */; };
		7443CA76289AF40A0011D92F /* TodayView.swift in Sources */ = {isa = PBXBuildFile; fileRef = 7443CA75289AF40A0011D92F /* TodayView.swift */; };
		7443CA78289AF44E0011D92F /* TodayViewController.swift in Sources */ = {isa = PBXBuildFile; fileRef = 7443CA77289AF44E0011D92F /* TodayViewController.swift */; };
		7443CA88289AFB7D0011D92F /* NotesMainView.swift in Sources */ = {isa = PBXBuildFile; fileRef = 7443CA87289AFB7D0011D92F /* NotesMainView.swift */; };
		7443CA8A289AFB8D0011D92F /* NotesMainViewController.swift in Sources */ = {isa = PBXBuildFile; fileRef = 7443CA89289AFB8D0011D92F /* NotesMainViewController.swift */; };
		7443CA8F289AFC270011D92F /* UiKIt +UIFont.swift in Sources */ = {isa = PBXBuildFile; fileRef = 7443CA8E289AFC270011D92F /* UiKIt +UIFont.swift */; };
		7443CA91289AFC3B0011D92F /* UiKIt + UiButtons.swift in Sources */ = {isa = PBXBuildFile; fileRef = 7443CA90289AFC3B0011D92F /* UiKIt + UiButtons.swift */; };
		7443CA93289AFC510011D92F /* UiKit + UiLabel.swift in Sources */ = {isa = PBXBuildFile; fileRef = 7443CA92289AFC510011D92F /* UiKit + UiLabel.swift */; };
		7443CA95289AFC6F0011D92F /* UiKit + UiStackView.swift in Sources */ = {isa = PBXBuildFile; fileRef = 7443CA94289AFC6F0011D92F /* UiKit + UiStackView.swift */; };
		7443CA97289AFCAB0011D92F /* UiKit + UiString + Capitalized.swift in Sources */ = {isa = PBXBuildFile; fileRef = 7443CA96289AFCAB0011D92F /* UiKit + UiString + Capitalized.swift */; };
		7443CA9D289AFDC10011D92F /* Arrays.swift in Sources */ = {isa = PBXBuildFile; fileRef = 7443CA9C289AFDC10011D92F /* Arrays.swift */; };
		7443CA9F289AFDEB0011D92F /* Habit + CoreDataClass.swift in Sources */ = {isa = PBXBuildFile; fileRef = 7443CA9E289AFDEB0011D92F /* Habit + CoreDataClass.swift */; };
		7443CAA1289AFE000011D92F /* Habit + CoreDataProperties.swift in Sources */ = {isa = PBXBuildFile; fileRef = 7443CAA0289AFE000011D92F /* Habit + CoreDataProperties.swift */; };
		7443CAA3289AFE340011D92F /* Reminder + CoreDataClass.swift in Sources */ = {isa = PBXBuildFile; fileRef = 7443CAA2289AFE340011D92F /* Reminder + CoreDataClass.swift */; };
		7443CAA5289AFE470011D92F /* Reminder + CoreDataProperties.swift in Sources */ = {isa = PBXBuildFile; fileRef = 7443CAA4289AFE470011D92F /* Reminder + CoreDataProperties.swift */; };
		7443CAA7289AFE790011D92F /* Note + CoreDataClass.swift in Sources */ = {isa = PBXBuildFile; fileRef = 7443CAA6289AFE790011D92F /* Note + CoreDataClass.swift */; };
		7443CAA9289AFE940011D92F /* Note + CoreDataProperties.swift in Sources */ = {isa = PBXBuildFile; fileRef = 7443CAA8289AFE940011D92F /* Note + CoreDataProperties.swift */; };
		7443CAAC289AFED70011D92F /* NotesStore.swift in Sources */ = {isa = PBXBuildFile; fileRef = 7443CAAB289AFED70011D92F /* NotesStore.swift */; };
		7443CAAE289AFEE50011D92F /* HabitsStore.swift in Sources */ = {isa = PBXBuildFile; fileRef = 7443CAAD289AFEE50011D92F /* HabitsStore.swift */; };
		7443CAB0289AFEF80011D92F /* RemindersStore.swift in Sources */ = {isa = PBXBuildFile; fileRef = 7443CAAF289AFEF80011D92F /* RemindersStore.swift */; };
		7443CAB2289AFF050011D92F /* AlertFactory.swift in Sources */ = {isa = PBXBuildFile; fileRef = 7443CAB1289AFF050011D92F /* AlertFactory.swift */; };
		7443CAB4289AFF1D0011D92F /* CoreDataSevices.swift in Sources */ = {isa = PBXBuildFile; fileRef = 7443CAB3289AFF1D0011D92F /* CoreDataSevices.swift */; };
		7443CAB7289AFFBF0011D92F /* UiVC + AlertDate.swift in Sources */ = {isa = PBXBuildFile; fileRef = 7443CAB6289AFFBF0011D92F /* UiVC + AlertDate.swift */; };
		7443CAB9289AFFD90011D92F /* UiVC + AlertNewEvent.swift in Sources */ = {isa = PBXBuildFile; fileRef = 7443CAB8289AFFD90011D92F /* UiVC + AlertNewEvent.swift */; };
		7443CABB289AFFEB0011D92F /* UiVC + AlertTime.swift in Sources */ = {isa = PBXBuildFile; fileRef = 7443CABA289AFFEB0011D92F /* UiVC + AlertTime.swift */; };
		7443CAC1289B00940011D92F /* FsCalendar + Settings.swift in Sources */ = {isa = PBXBuildFile; fileRef = 7443CAC0289B00940011D92F /* FsCalendar + Settings.swift */; };
		7443CAC3289B00B20011D92F /* CalendarViewController.swift in Sources */ = {isa = PBXBuildFile; fileRef = 7443CAC2289B00B20011D92F /* CalendarViewController.swift */; };
		7443CAC5289B00CE0011D92F /* CalendarView.swift in Sources */ = {isa = PBXBuildFile; fileRef = 7443CAC4289B00CE0011D92F /* CalendarView.swift */; };
		7443CACF289B067F0011D92F /* UIApplication+ManagedContext.swift in Sources */ = {isa = PBXBuildFile; fileRef = 7443CACE289B067F0011D92F /* UIApplication+ManagedContext.swift */; };
		7443CAD3289C46A80011D92F /* ApiModel.swift in Sources */ = {isa = PBXBuildFile; fileRef = 7443CAD2289C46A80011D92F /* ApiModel.swift */; };
		7443CAD5289C546B0011D92F /* WeatherManager.swift in Sources */ = {isa = PBXBuildFile; fileRef = 7443CAD4289C546B0011D92F /* WeatherManager.swift */; };
		7443CADE289F9D770011D92F /* PomodoroView.swift in Sources */ = {isa = PBXBuildFile; fileRef = 7443CADD289F9D770011D92F /* PomodoroView.swift */; };
		7443CAE0289F9ED90011D92F /* PomodoroViewController + Animation.swift in Sources */ = {isa = PBXBuildFile; fileRef = 7443CADF289F9ED90011D92F /* PomodoroViewController + Animation.swift */; };
		7443CAE4289F9F030011D92F /* PomodoroViewController + DrawLayer.swift in Sources */ = {isa = PBXBuildFile; fileRef = 7443CAE3289F9F030011D92F /* PomodoroViewController + DrawLayer.swift */; };
		7443CAE6289F9F130011D92F /* PomodoroViewController + FocusTimer.swift in Sources */ = {isa = PBXBuildFile; fileRef = 7443CAE5289F9F130011D92F /* PomodoroViewController + FocusTimer.swift */; };
		7443CAE8289F9F210011D92F /* PomodoroViewController + LongRestTimer.swift in Sources */ = {isa = PBXBuildFile; fileRef = 7443CAE7289F9F210011D92F /* PomodoroViewController + LongRestTimer.swift */; };
		7443CAEA289F9F310011D92F /* PomodoroViewController + RestTimer.swift in Sources */ = {isa = PBXBuildFile; fileRef = 7443CAE9289F9F310011D92F /* PomodoroViewController + RestTimer.swift */; };
		74797C0B28D9B3B30030D93A /* BaseMainView.swift in Sources */ = {isa = PBXBuildFile; fileRef = 74797C0A28D9B3B30030D93A /* BaseMainView.swift */; };
		74797C0E28D9B55D0030D93A /* BaseButtons.swift in Sources */ = {isa = PBXBuildFile; fileRef = 74797C0D28D9B55D0030D93A /* BaseButtons.swift */; };
		74797C1228D9CBBE0030D93A /* AllHabitsView.swift in Sources */ = {isa = PBXBuildFile; fileRef = 74797C1128D9CBBE0030D93A /* AllHabitsView.swift */; };
		747CDDEC28D31AE30010C31E /* UiKIt +UIColor.swift in Sources */ = {isa = PBXBuildFile; fileRef = 747CDDEB28D31AE30010C31E /* UiKIt +UIColor.swift */; };
		747CDDEE28D328810010C31E /* UiKit + CGFloat.swift in Sources */ = {isa = PBXBuildFile; fileRef = 747CDDED28D328810010C31E /* UiKit + CGFloat.swift */; };
		7481938328D480E1006CC722 /* DividerStruct.swift in Sources */ = {isa = PBXBuildFile; fileRef = 7481938228D480E1006CC722 /* DividerStruct.swift */; };
		7481938928D487FD006CC722 /* BaseEnum.swift in Sources */ = {isa = PBXBuildFile; fileRef = 7481938828D487FD006CC722 /* BaseEnum.swift */; };
		7481938E28D488C5006CC722 /* BaseAllViewCell.swift in Sources */ = {isa = PBXBuildFile; fileRef = 7481938D28D488C5006CC722 /* BaseAllViewCell.swift */; };
		7481939028D4D907006CC722 /* BaseAllView.swift in Sources */ = {isa = PBXBuildFile; fileRef = 7481938F28D4D907006CC722 /* BaseAllView.swift */; };
		748382C828A3E0D10035CEF2 /* HabitCollectionViewCell.swift in Sources */ = {isa = PBXBuildFile; fileRef = 748382C728A3E0D10035CEF2 /* HabitCollectionViewCell.swift */; };
		748382CA28A3E0DE0035CEF2 /* NewHabitViewCell.swift in Sources */ = {isa = PBXBuildFile; fileRef = 748382C928A3E0DE0035CEF2 /* NewHabitViewCell.swift */; };
		748382CC28A3E1300035CEF2 /* NewHabitView.swift in Sources */ = {isa = PBXBuildFile; fileRef = 748382CB28A3E1300035CEF2 /* NewHabitView.swift */; };
		748382CE28A3E15D0035CEF2 /* AllHabitsViewController.swift in Sources */ = {isa = PBXBuildFile; fileRef = 748382CD28A3E15D0035CEF2 /* AllHabitsViewController.swift */; };
		748382D028A3E16B0035CEF2 /* NewHabitViewController.swift in Sources */ = {isa = PBXBuildFile; fileRef = 748382CF28A3E16B0035CEF2 /* NewHabitViewController.swift */; };
		748382D228A3E3FD0035CEF2 /* AllNotesViewCell.swift in Sources */ = {isa = PBXBuildFile; fileRef = 748382D128A3E3FD0035CEF2 /* AllNotesViewCell.swift */; };
		748382D428A3E40F0035CEF2 /* NewNoteViewCell.swift in Sources */ = {isa = PBXBuildFile; fileRef = 748382D328A3E40F0035CEF2 /* NewNoteViewCell.swift */; };
		748382D828A3E4650035CEF2 /* NewNoteView.swift in Sources */ = {isa = PBXBuildFile; fileRef = 748382D728A3E4650035CEF2 /* NewNoteView.swift */; };
		748382DA28A3E4AD0035CEF2 /* AllNotesViewController.swift in Sources */ = {isa = PBXBuildFile; fileRef = 748382D928A3E4AD0035CEF2 /* AllNotesViewController.swift */; };
		748382DC28A3E4BE0035CEF2 /* NewNoteViewController.swift in Sources */ = {isa = PBXBuildFile; fileRef = 748382DB28A3E4BE0035CEF2 /* NewNoteViewController.swift */; };
		748382DF28A3E51C0035CEF2 /* AllRemindersViewCell.swift in Sources */ = {isa = PBXBuildFile; fileRef = 748382DE28A3E51C0035CEF2 /* AllRemindersViewCell.swift */; };
		748382E128A3E5330035CEF2 /* NewReminderViewCell.swift in Sources */ = {isa = PBXBuildFile; fileRef = 748382E028A3E5330035CEF2 /* NewReminderViewCell.swift */; };
		748382E528A3E5B80035CEF2 /* NewReminderView.swift in Sources */ = {isa = PBXBuildFile; fileRef = 748382E428A3E5B80035CEF2 /* NewReminderView.swift */; };
		748382E728A3E5D80035CEF2 /* AllRemindersViewController.swift in Sources */ = {isa = PBXBuildFile; fileRef = 748382E628A3E5D80035CEF2 /* AllRemindersViewController.swift */; };
		748382E928A3E6030035CEF2 /* NewReminderViewController.swift in Sources */ = {isa = PBXBuildFile; fileRef = 748382E828A3E6030035CEF2 /* NewReminderViewController.swift */; };
		74A22F09289AE33A007B60AE /* AppDelegate.swift in Sources */ = {isa = PBXBuildFile; fileRef = 74A22F08289AE33A007B60AE /* AppDelegate.swift */; };
		74A22F0B289AE33A007B60AE /* SceneDelegate.swift in Sources */ = {isa = PBXBuildFile; fileRef = 74A22F0A289AE33A007B60AE /* SceneDelegate.swift */; };
		74A22F13289AE33A007B60AE /* Let_s_Do_It.xcdatamodeld in Sources */ = {isa = PBXBuildFile; fileRef = 74A22F11289AE33A007B60AE /* Let_s_Do_It.xcdatamodeld */; };
		74A22F15289AE33D007B60AE /* Assets.xcassets in Resources */ = {isa = PBXBuildFile; fileRef = 74A22F14289AE33D007B60AE /* Assets.xcassets */; };
		74A22F18289AE33D007B60AE /* LaunchScreen.storyboard in Resources */ = {isa = PBXBuildFile; fileRef = 74A22F16289AE33D007B60AE /* LaunchScreen.storyboard */; };
		74A22F23289AE33D007B60AE /* Let_s_Do_ItTests.swift in Sources */ = {isa = PBXBuildFile; fileRef = 74A22F22289AE33D007B60AE /* Let_s_Do_ItTests.swift */; };
		74A22F2D289AE33D007B60AE /* Let_s_Do_ItUITests.swift in Sources */ = {isa = PBXBuildFile; fileRef = 74A22F2C289AE33D007B60AE /* Let_s_Do_ItUITests.swift */; };
		74A22F2F289AE33D007B60AE /* Let_s_Do_ItUITestsLaunchTests.swift in Sources */ = {isa = PBXBuildFile; fileRef = 74A22F2E289AE33D007B60AE /* Let_s_Do_ItUITestsLaunchTests.swift */; };
		74A22F3E289AE7BB007B60AE /* FSCalendar in Frameworks */ = {isa = PBXBuildFile; productRef = 74A22F3D289AE7BB007B60AE /* FSCalendar */; };
		74A22F45289AED8D007B60AE /* MainTabBarController.swift in Sources */ = {isa = PBXBuildFile; fileRef = 74A22F44289AED8D007B60AE /* MainTabBarController.swift */; };
		74FA1DD428AD608D00E074F5 /* CalendarTableViewCell.swift in Sources */ = {isa = PBXBuildFile; fileRef = 74FA1DD328AD608D00E074F5 /* CalendarTableViewCell.swift */; };
/* End PBXBuildFile section */

/* Begin PBXContainerItemProxy section */
		74A22F1F289AE33D007B60AE /* PBXContainerItemProxy */ = {
			isa = PBXContainerItemProxy;
			containerPortal = 74A22EFD289AE33A007B60AE /* Project object */;
			proxyType = 1;
			remoteGlobalIDString = 74A22F04289AE33A007B60AE;
			remoteInfo = "Let's Do It";
		};
		74A22F29289AE33D007B60AE /* PBXContainerItemProxy */ = {
			isa = PBXContainerItemProxy;
			containerPortal = 74A22EFD289AE33A007B60AE /* Project object */;
			proxyType = 1;
			remoteGlobalIDString = 74A22F04289AE33A007B60AE;
			remoteInfo = "Let's Do It";
		};
/* End PBXContainerItemProxy section */

/* Begin PBXFileReference section */
		7413BDD228D8523100CF1A56 /* BaseNewViewCell.swift */ = {isa = PBXFileReference; lastKnownFileType = sourcecode.swift; path = BaseNewViewCell.swift; sourceTree = "<group>"; };
		7413BDD628D85D5B00CF1A56 /* BaseNewView.swift */ = {isa = PBXFileReference; lastKnownFileType = sourcecode.swift; path = BaseNewView.swift; sourceTree = "<group>"; };
		7413BDD828D8652600CF1A56 /* FloatingButton.swift */ = {isa = PBXFileReference; lastKnownFileType = sourcecode.swift; path = FloatingButton.swift; sourceTree = "<group>"; };
		7443CA4B289AF0370011D92F /* SideMenuItemCell.swift */ = {isa = PBXFileReference; lastKnownFileType = sourcecode.swift; path = SideMenuItemCell.swift; sourceTree = "<group>"; };
		7443CA4D289AF04B0011D92F /* SideMenuView.swift */ = {isa = PBXFileReference; lastKnownFileType = sourcecode.swift; path = SideMenuView.swift; sourceTree = "<group>"; };
		7443CA4F289AF0C90011D92F /* SideMenuItem.swift */ = {isa = PBXFileReference; lastKnownFileType = sourcecode.swift; path = SideMenuItem.swift; sourceTree = "<group>"; };
		7443CA51289AF10D0011D92F /* ContainerViewController.swift */ = {isa = PBXFileReference; lastKnownFileType = sourcecode.swift; path = ContainerViewController.swift; sourceTree = "<group>"; };
		7443CA53289AF1220011D92F /* ContentViewController.swift */ = {isa = PBXFileReference; lastKnownFileType = sourcecode.swift; path = ContentViewController.swift; sourceTree = "<group>"; };
		7443CA55289AF13B0011D92F /* ContentViewControllerPresentation.swift */ = {isa = PBXFileReference; lastKnownFileType = sourcecode.swift; path = ContentViewControllerPresentation.swift; sourceTree = "<group>"; };
		7443CA57289AF14C0011D92F /* SideMenuViewController.swift */ = {isa = PBXFileReference; lastKnownFileType = sourcecode.swift; path = SideMenuViewController.swift; sourceTree = "<group>"; };
		7443CA5C289AF1EB0011D92F /* AuthViewController.swift */ = {isa = PBXFileReference; lastKnownFileType = sourcecode.swift; path = AuthViewController.swift; sourceTree = "<group>"; };
		7443CA5E289AF2050011D92F /* SettingsViewController.swift */ = {isa = PBXFileReference; lastKnownFileType = sourcecode.swift; path = SettingsViewController.swift; sourceTree = "<group>"; };
		7443CA60289AF2180011D92F /* PomodoroViewController.swift */ = {isa = PBXFileReference; lastKnownFileType = sourcecode.swift; path = PomodoroViewController.swift; sourceTree = "<group>"; };
		7443CA62289AF2610011D92F /* ExtensionSideMenuViewController + show&hide.swift */ = {isa = PBXFileReference; lastKnownFileType = sourcecode.swift; path = "ExtensionSideMenuViewController + show&hide.swift"; sourceTree = "<group>"; };
		7443CA64289AF27F0011D92F /* ContainerViewComposer.swift */ = {isa = PBXFileReference; lastKnownFileType = sourcecode.swift; path = ContainerViewComposer.swift; sourceTree = "<group>"; };
		7443CA6A289AF3380011D92F /* RemindersMainView.swift */ = {isa = PBXFileReference; lastKnownFileType = sourcecode.swift; path = RemindersMainView.swift; sourceTree = "<group>"; };
		7443CA6C289AF3680011D92F /* RemindersMainViewController.swift */ = {isa = PBXFileReference; lastKnownFileType = sourcecode.swift; path = RemindersMainViewController.swift; sourceTree = "<group>"; };
		7443CA73289AF3FF0011D92F /* TableHeaderView.swift */ = {isa = PBXFileReference; lastKnownFileType = sourcecode.swift; path = TableHeaderView.swift; sourceTree = "<group>"; };
		7443CA75289AF40A0011D92F /* TodayView.swift */ = {isa = PBXFileReference; lastKnownFileType = sourcecode.swift; path = TodayView.swift; sourceTree = "<group>"; };
		7443CA77289AF44E0011D92F /* TodayViewController.swift */ = {isa = PBXFileReference; lastKnownFileType = sourcecode.swift; path = TodayViewController.swift; sourceTree = "<group>"; };
		7443CA87289AFB7D0011D92F /* NotesMainView.swift */ = {isa = PBXFileReference; lastKnownFileType = sourcecode.swift; path = NotesMainView.swift; sourceTree = "<group>"; };
		7443CA89289AFB8D0011D92F /* NotesMainViewController.swift */ = {isa = PBXFileReference; lastKnownFileType = sourcecode.swift; path = NotesMainViewController.swift; sourceTree = "<group>"; };
		7443CA8E289AFC270011D92F /* UiKIt +UIFont.swift */ = {isa = PBXFileReference; lastKnownFileType = sourcecode.swift; path = "UiKIt +UIFont.swift"; sourceTree = "<group>"; };
		7443CA90289AFC3B0011D92F /* UiKIt + UiButtons.swift */ = {isa = PBXFileReference; lastKnownFileType = sourcecode.swift; path = "UiKIt + UiButtons.swift"; sourceTree = "<group>"; };
		7443CA92289AFC510011D92F /* UiKit + UiLabel.swift */ = {isa = PBXFileReference; lastKnownFileType = sourcecode.swift; path = "UiKit + UiLabel.swift"; sourceTree = "<group>"; };
		7443CA94289AFC6F0011D92F /* UiKit + UiStackView.swift */ = {isa = PBXFileReference; lastKnownFileType = sourcecode.swift; path = "UiKit + UiStackView.swift"; sourceTree = "<group>"; };
		7443CA96289AFCAB0011D92F /* UiKit + UiString + Capitalized.swift */ = {isa = PBXFileReference; lastKnownFileType = sourcecode.swift; path = "UiKit + UiString + Capitalized.swift"; sourceTree = "<group>"; };
		7443CA9C289AFDC10011D92F /* Arrays.swift */ = {isa = PBXFileReference; lastKnownFileType = sourcecode.swift; path = Arrays.swift; sourceTree = "<group>"; };
		7443CA9E289AFDEB0011D92F /* Habit + CoreDataClass.swift */ = {isa = PBXFileReference; lastKnownFileType = sourcecode.swift; path = "Habit + CoreDataClass.swift"; sourceTree = "<group>"; };
		7443CAA0289AFE000011D92F /* Habit + CoreDataProperties.swift */ = {isa = PBXFileReference; lastKnownFileType = sourcecode.swift; path = "Habit + CoreDataProperties.swift"; sourceTree = "<group>"; };
		7443CAA2289AFE340011D92F /* Reminder + CoreDataClass.swift */ = {isa = PBXFileReference; lastKnownFileType = sourcecode.swift; path = "Reminder + CoreDataClass.swift"; sourceTree = "<group>"; };
		7443CAA4289AFE470011D92F /* Reminder + CoreDataProperties.swift */ = {isa = PBXFileReference; lastKnownFileType = sourcecode.swift; path = "Reminder + CoreDataProperties.swift"; sourceTree = "<group>"; };
		7443CAA6289AFE790011D92F /* Note + CoreDataClass.swift */ = {isa = PBXFileReference; lastKnownFileType = sourcecode.swift; path = "Note + CoreDataClass.swift"; sourceTree = "<group>"; };
		7443CAA8289AFE940011D92F /* Note + CoreDataProperties.swift */ = {isa = PBXFileReference; lastKnownFileType = sourcecode.swift; path = "Note + CoreDataProperties.swift"; sourceTree = "<group>"; };
		7443CAAB289AFED70011D92F /* NotesStore.swift */ = {isa = PBXFileReference; lastKnownFileType = sourcecode.swift; path = NotesStore.swift; sourceTree = "<group>"; };
		7443CAAD289AFEE50011D92F /* HabitsStore.swift */ = {isa = PBXFileReference; lastKnownFileType = sourcecode.swift; path = HabitsStore.swift; sourceTree = "<group>"; };
		7443CAAF289AFEF80011D92F /* RemindersStore.swift */ = {isa = PBXFileReference; lastKnownFileType = sourcecode.swift; path = RemindersStore.swift; sourceTree = "<group>"; };
		7443CAB1289AFF050011D92F /* AlertFactory.swift */ = {isa = PBXFileReference; lastKnownFileType = sourcecode.swift; path = AlertFactory.swift; sourceTree = "<group>"; };
		7443CAB3289AFF1D0011D92F /* CoreDataSevices.swift */ = {isa = PBXFileReference; lastKnownFileType = sourcecode.swift; path = CoreDataSevices.swift; sourceTree = "<group>"; };
		7443CAB6289AFFBF0011D92F /* UiVC + AlertDate.swift */ = {isa = PBXFileReference; lastKnownFileType = sourcecode.swift; path = "UiVC + AlertDate.swift"; sourceTree = "<group>"; };
		7443CAB8289AFFD90011D92F /* UiVC + AlertNewEvent.swift */ = {isa = PBXFileReference; lastKnownFileType = sourcecode.swift; path = "UiVC + AlertNewEvent.swift"; sourceTree = "<group>"; };
		7443CABA289AFFEB0011D92F /* UiVC + AlertTime.swift */ = {isa = PBXFileReference; lastKnownFileType = sourcecode.swift; path = "UiVC + AlertTime.swift"; sourceTree = "<group>"; };
		7443CAC0289B00940011D92F /* FsCalendar + Settings.swift */ = {isa = PBXFileReference; lastKnownFileType = sourcecode.swift; path = "FsCalendar + Settings.swift"; sourceTree = "<group>"; };
		7443CAC2289B00B20011D92F /* CalendarViewController.swift */ = {isa = PBXFileReference; lastKnownFileType = sourcecode.swift; path = CalendarViewController.swift; sourceTree = "<group>"; };
		7443CAC4289B00CE0011D92F /* CalendarView.swift */ = {isa = PBXFileReference; lastKnownFileType = sourcecode.swift; path = CalendarView.swift; sourceTree = "<group>"; };
		7443CACE289B067F0011D92F /* UIApplication+ManagedContext.swift */ = {isa = PBXFileReference; lastKnownFileType = sourcecode.swift; path = "UIApplication+ManagedContext.swift"; sourceTree = "<group>"; };
		7443CAD2289C46A80011D92F /* ApiModel.swift */ = {isa = PBXFileReference; lastKnownFileType = sourcecode.swift; path = ApiModel.swift; sourceTree = "<group>"; };
		7443CAD4289C546B0011D92F /* WeatherManager.swift */ = {isa = PBXFileReference; lastKnownFileType = sourcecode.swift; path = WeatherManager.swift; sourceTree = "<group>"; };
		7443CADD289F9D770011D92F /* PomodoroView.swift */ = {isa = PBXFileReference; lastKnownFileType = sourcecode.swift; path = PomodoroView.swift; sourceTree = "<group>"; };
		7443CADF289F9ED90011D92F /* PomodoroViewController + Animation.swift */ = {isa = PBXFileReference; lastKnownFileType = sourcecode.swift; path = "PomodoroViewController + Animation.swift"; sourceTree = "<group>"; };
		7443CAE3289F9F030011D92F /* PomodoroViewController + DrawLayer.swift */ = {isa = PBXFileReference; lastKnownFileType = sourcecode.swift; path = "PomodoroViewController + DrawLayer.swift"; sourceTree = "<group>"; };
		7443CAE5289F9F130011D92F /* PomodoroViewController + FocusTimer.swift */ = {isa = PBXFileReference; lastKnownFileType = sourcecode.swift; path = "PomodoroViewController + FocusTimer.swift"; sourceTree = "<group>"; };
		7443CAE7289F9F210011D92F /* PomodoroViewController + LongRestTimer.swift */ = {isa = PBXFileReference; lastKnownFileType = sourcecode.swift; path = "PomodoroViewController + LongRestTimer.swift"; sourceTree = "<group>"; };
		7443CAE9289F9F310011D92F /* PomodoroViewController + RestTimer.swift */ = {isa = PBXFileReference; lastKnownFileType = sourcecode.swift; path = "PomodoroViewController + RestTimer.swift"; sourceTree = "<group>"; };
		74797C0A28D9B3B30030D93A /* BaseMainView.swift */ = {isa = PBXFileReference; lastKnownFileType = sourcecode.swift; path = BaseMainView.swift; sourceTree = "<group>"; };
		74797C0D28D9B55D0030D93A /* BaseButtons.swift */ = {isa = PBXFileReference; lastKnownFileType = sourcecode.swift; path = BaseButtons.swift; sourceTree = "<group>"; };
		74797C1128D9CBBE0030D93A /* AllHabitsView.swift */ = {isa = PBXFileReference; lastKnownFileType = sourcecode.swift; path = AllHabitsView.swift; sourceTree = "<group>"; };
		747CDDEB28D31AE30010C31E /* UiKIt +UIColor.swift */ = {isa = PBXFileReference; lastKnownFileType = sourcecode.swift; path = "UiKIt +UIColor.swift"; sourceTree = "<group>"; };
		747CDDED28D328810010C31E /* UiKit + CGFloat.swift */ = {isa = PBXFileReference; lastKnownFileType = sourcecode.swift; path = "UiKit + CGFloat.swift"; sourceTree = "<group>"; };
		7481938228D480E1006CC722 /* DividerStruct.swift */ = {isa = PBXFileReference; lastKnownFileType = sourcecode.swift; path = DividerStruct.swift; sourceTree = "<group>"; };
		7481938828D487FD006CC722 /* BaseEnum.swift */ = {isa = PBXFileReference; lastKnownFileType = sourcecode.swift; path = BaseEnum.swift; sourceTree = "<group>"; };
		7481938D28D488C5006CC722 /* BaseAllViewCell.swift */ = {isa = PBXFileReference; lastKnownFileType = sourcecode.swift; path = BaseAllViewCell.swift; sourceTree = "<group>"; };
		7481938F28D4D907006CC722 /* BaseAllView.swift */ = {isa = PBXFileReference; lastKnownFileType = sourcecode.swift; path = BaseAllView.swift; sourceTree = "<group>"; };
		748382C728A3E0D10035CEF2 /* HabitCollectionViewCell.swift */ = {isa = PBXFileReference; lastKnownFileType = sourcecode.swift; path = HabitCollectionViewCell.swift; sourceTree = "<group>"; };
		748382C928A3E0DE0035CEF2 /* NewHabitViewCell.swift */ = {isa = PBXFileReference; lastKnownFileType = sourcecode.swift; path = NewHabitViewCell.swift; sourceTree = "<group>"; };
		748382CB28A3E1300035CEF2 /* NewHabitView.swift */ = {isa = PBXFileReference; lastKnownFileType = sourcecode.swift; path = NewHabitView.swift; sourceTree = "<group>"; };
		748382CD28A3E15D0035CEF2 /* AllHabitsViewController.swift */ = {isa = PBXFileReference; lastKnownFileType = sourcecode.swift; name = AllHabitsViewController.swift; path = "Let's Do It/Modules/MainScreen/Habits/Views/AllHabitsViewController.swift"; sourceTree = SOURCE_ROOT; };
		748382CF28A3E16B0035CEF2 /* NewHabitViewController.swift */ = {isa = PBXFileReference; lastKnownFileType = sourcecode.swift; path = NewHabitViewController.swift; sourceTree = "<group>"; };
		748382D128A3E3FD0035CEF2 /* AllNotesViewCell.swift */ = {isa = PBXFileReference; lastKnownFileType = sourcecode.swift; path = AllNotesViewCell.swift; sourceTree = "<group>"; };
		748382D328A3E40F0035CEF2 /* NewNoteViewCell.swift */ = {isa = PBXFileReference; lastKnownFileType = sourcecode.swift; path = NewNoteViewCell.swift; sourceTree = "<group>"; };
		748382D728A3E4650035CEF2 /* NewNoteView.swift */ = {isa = PBXFileReference; lastKnownFileType = sourcecode.swift; path = NewNoteView.swift; sourceTree = "<group>"; };
		748382D928A3E4AD0035CEF2 /* AllNotesViewController.swift */ = {isa = PBXFileReference; lastKnownFileType = sourcecode.swift; path = AllNotesViewController.swift; sourceTree = "<group>"; };
		748382DB28A3E4BE0035CEF2 /* NewNoteViewController.swift */ = {isa = PBXFileReference; lastKnownFileType = sourcecode.swift; path = NewNoteViewController.swift; sourceTree = "<group>"; };
		748382DE28A3E51C0035CEF2 /* AllRemindersViewCell.swift */ = {isa = PBXFileReference; lastKnownFileType = sourcecode.swift; path = AllRemindersViewCell.swift; sourceTree = "<group>"; };
		748382E028A3E5330035CEF2 /* NewReminderViewCell.swift */ = {isa = PBXFileReference; lastKnownFileType = sourcecode.swift; path = NewReminderViewCell.swift; sourceTree = "<group>"; };
		748382E428A3E5B80035CEF2 /* NewReminderView.swift */ = {isa = PBXFileReference; lastKnownFileType = sourcecode.swift; path = NewReminderView.swift; sourceTree = "<group>"; };
		748382E628A3E5D80035CEF2 /* AllRemindersViewController.swift */ = {isa = PBXFileReference; lastKnownFileType = sourcecode.swift; path = AllRemindersViewController.swift; sourceTree = "<group>"; };
		748382E828A3E6030035CEF2 /* NewReminderViewController.swift */ = {isa = PBXFileReference; lastKnownFileType = sourcecode.swift; path = NewReminderViewController.swift; sourceTree = "<group>"; };
		74A22F05289AE33A007B60AE /* Let's Do It.app */ = {isa = PBXFileReference; explicitFileType = wrapper.application; includeInIndex = 0; path = "Let's Do It.app"; sourceTree = BUILT_PRODUCTS_DIR; };
		74A22F08289AE33A007B60AE /* AppDelegate.swift */ = {isa = PBXFileReference; lastKnownFileType = sourcecode.swift; path = AppDelegate.swift; sourceTree = "<group>"; };
		74A22F0A289AE33A007B60AE /* SceneDelegate.swift */ = {isa = PBXFileReference; lastKnownFileType = sourcecode.swift; path = SceneDelegate.swift; sourceTree = "<group>"; };
		74A22F12289AE33A007B60AE /* Let_s_Do_It.xcdatamodel */ = {isa = PBXFileReference; lastKnownFileType = wrapper.xcdatamodel; path = Let_s_Do_It.xcdatamodel; sourceTree = "<group>"; };
		74A22F14289AE33D007B60AE /* Assets.xcassets */ = {isa = PBXFileReference; lastKnownFileType = folder.assetcatalog; path = Assets.xcassets; sourceTree = "<group>"; };
		74A22F17289AE33D007B60AE /* Base */ = {isa = PBXFileReference; lastKnownFileType = file.storyboard; name = Base; path = Base.lproj/LaunchScreen.storyboard; sourceTree = "<group>"; };
		74A22F19289AE33D007B60AE /* Info.plist */ = {isa = PBXFileReference; lastKnownFileType = text.plist.xml; path = Info.plist; sourceTree = "<group>"; };
		74A22F1E289AE33D007B60AE /* Let's Do ItTests.xctest */ = {isa = PBXFileReference; explicitFileType = wrapper.cfbundle; includeInIndex = 0; path = "Let's Do ItTests.xctest"; sourceTree = BUILT_PRODUCTS_DIR; };
		74A22F22289AE33D007B60AE /* Let_s_Do_ItTests.swift */ = {isa = PBXFileReference; lastKnownFileType = sourcecode.swift; path = Let_s_Do_ItTests.swift; sourceTree = "<group>"; };
		74A22F28289AE33D007B60AE /* Let's Do ItUITests.xctest */ = {isa = PBXFileReference; explicitFileType = wrapper.cfbundle; includeInIndex = 0; path = "Let's Do ItUITests.xctest"; sourceTree = BUILT_PRODUCTS_DIR; };
		74A22F2C289AE33D007B60AE /* Let_s_Do_ItUITests.swift */ = {isa = PBXFileReference; lastKnownFileType = sourcecode.swift; path = Let_s_Do_ItUITests.swift; sourceTree = "<group>"; };
		74A22F2E289AE33D007B60AE /* Let_s_Do_ItUITestsLaunchTests.swift */ = {isa = PBXFileReference; lastKnownFileType = sourcecode.swift; path = Let_s_Do_ItUITestsLaunchTests.swift; sourceTree = "<group>"; };
		74A22F44289AED8D007B60AE /* MainTabBarController.swift */ = {isa = PBXFileReference; lastKnownFileType = sourcecode.swift; path = MainTabBarController.swift; sourceTree = "<group>"; };
		74FA1DD328AD608D00E074F5 /* CalendarTableViewCell.swift */ = {isa = PBXFileReference; lastKnownFileType = sourcecode.swift; path = CalendarTableViewCell.swift; sourceTree = "<group>"; };
/* End PBXFileReference section */

/* Begin PBXFrameworksBuildPhase section */
		74A22F02289AE33A007B60AE /* Frameworks */ = {
			isa = PBXFrameworksBuildPhase;
			buildActionMask = 2147483647;
			files = (
				74A22F3E289AE7BB007B60AE /* FSCalendar in Frameworks */,
			);
			runOnlyForDeploymentPostprocessing = 0;
		};
		74A22F1B289AE33D007B60AE /* Frameworks */ = {
			isa = PBXFrameworksBuildPhase;
			buildActionMask = 2147483647;
			files = (
			);
			runOnlyForDeploymentPostprocessing = 0;
		};
		74A22F25289AE33D007B60AE /* Frameworks */ = {
			isa = PBXFrameworksBuildPhase;
			buildActionMask = 2147483647;
			files = (
			);
			runOnlyForDeploymentPostprocessing = 0;
		};
/* End PBXFrameworksBuildPhase section */

/* Begin PBXGroup section */
		7443CA2C289AEEA30011D92F /* SideMenu */ = {
			isa = PBXGroup;
			children = (
				7443CA4A289AF01C0011D92F /* View */,
				7443CA49289AF0140011D92F /* Model */,
				7443CA48289AF00B0011D92F /* Controllers */,
				7443CA47289AEFFE0011D92F /* SideMenuItems */,
				7443CA46289AEFF40011D92F /* Extention */,
				7443CA45289AEFE90011D92F /* Lib */,
			);
			path = SideMenu;
			sourceTree = "<group>";
		};
		7443CA45289AEFE90011D92F /* Lib */ = {
			isa = PBXGroup;
			children = (
				7443CA64289AF27F0011D92F /* ContainerViewComposer.swift */,
			);
			path = Lib;
			sourceTree = "<group>";
		};
		7443CA46289AEFF40011D92F /* Extention */ = {
			isa = PBXGroup;
			children = (
				7443CA62289AF2610011D92F /* ExtensionSideMenuViewController + show&hide.swift */,
			);
			path = Extention;
			sourceTree = "<group>";
		};
		7443CA47289AEFFE0011D92F /* SideMenuItems */ = {
			isa = PBXGroup;
			children = (
				7443CA5B289AF1B80011D92F /* Auth */,
				7443CA5A289AF1AD0011D92F /* Settings */,
				7443CA59289AF1A60011D92F /* Pomodoro */,
			);
			path = SideMenuItems;
			sourceTree = "<group>";
		};
		7443CA48289AF00B0011D92F /* Controllers */ = {
			isa = PBXGroup;
			children = (
				7443CA51289AF10D0011D92F /* ContainerViewController.swift */,
				7443CA53289AF1220011D92F /* ContentViewController.swift */,
				7443CA55289AF13B0011D92F /* ContentViewControllerPresentation.swift */,
				7443CA57289AF14C0011D92F /* SideMenuViewController.swift */,
			);
			path = Controllers;
			sourceTree = "<group>";
		};
		7443CA49289AF0140011D92F /* Model */ = {
			isa = PBXGroup;
			children = (
				7443CA4F289AF0C90011D92F /* SideMenuItem.swift */,
			);
			path = Model;
			sourceTree = "<group>";
		};
		7443CA4A289AF01C0011D92F /* View */ = {
			isa = PBXGroup;
			children = (
				7443CA4B289AF0370011D92F /* SideMenuItemCell.swift */,
				7443CA4D289AF04B0011D92F /* SideMenuView.swift */,
			);
			path = View;
			sourceTree = "<group>";
		};
		7443CA59289AF1A60011D92F /* Pomodoro */ = {
			isa = PBXGroup;
			children = (
				7443CAD9289F9D110011D92F /* Model */,
				7443CAD8289F9D060011D92F /* View */,
				7443CAD7289F9CFD0011D92F /* Controllers */,
				7443CAD6289F9CE90011D92F /* Extention */,
			);
			path = Pomodoro;
			sourceTree = "<group>";
		};
		7443CA5A289AF1AD0011D92F /* Settings */ = {
			isa = PBXGroup;
			children = (
				7443CA5E289AF2050011D92F /* SettingsViewController.swift */,
			);
			path = Settings;
			sourceTree = "<group>";
		};
		7443CA5B289AF1B80011D92F /* Auth */ = {
			isa = PBXGroup;
			children = (
				7443CA5C289AF1EB0011D92F /* AuthViewController.swift */,
			);
			path = Auth;
			sourceTree = "<group>";
		};
		7443CA66289AF2DA0011D92F /* Reminders */ = {
			isa = PBXGroup;
			children = (
				7443CA67289AF2EB0011D92F /* Views */,
				7443CA68289AF2F20011D92F /* Controllers */,
				7443CA69289AF2FE0011D92F /* Extentions */,
			);
			path = Reminders;
			sourceTree = "<group>";
		};
		7443CA67289AF2EB0011D92F /* Views */ = {
			isa = PBXGroup;
			children = (
				748382DD28A3E5050035CEF2 /* Cells */,
				7443CA6A289AF3380011D92F /* RemindersMainView.swift */,
				748382E428A3E5B80035CEF2 /* NewReminderView.swift */,
			);
			path = Views;
			sourceTree = "<group>";
		};
		7443CA68289AF2F20011D92F /* Controllers */ = {
			isa = PBXGroup;
			children = (
				7443CA6C289AF3680011D92F /* RemindersMainViewController.swift */,
				748382E628A3E5D80035CEF2 /* AllRemindersViewController.swift */,
				748382E828A3E6030035CEF2 /* NewReminderViewController.swift */,
			);
			path = Controllers;
			sourceTree = "<group>";
		};
		7443CA69289AF2FE0011D92F /* Extentions */ = {
			isa = PBXGroup;
			children = (
			);
			path = Extentions;
			sourceTree = "<group>";
		};
		7443CA70289AF3CE0011D92F /* Today */ = {
			isa = PBXGroup;
			children = (
				7443CA71289AF3DB0011D92F /* Views */,
				7443CA72289AF3E50011D92F /* Controllers */,
			);
			path = Today;
			sourceTree = "<group>";
		};
		7443CA71289AF3DB0011D92F /* Views */ = {
			isa = PBXGroup;
			children = (
				7443CA73289AF3FF0011D92F /* TableHeaderView.swift */,
				7443CA75289AF40A0011D92F /* TodayView.swift */,
			);
			path = Views;
			sourceTree = "<group>";
		};
		7443CA72289AF3E50011D92F /* Controllers */ = {
			isa = PBXGroup;
			children = (
				7443CA77289AF44E0011D92F /* TodayViewController.swift */,
			);
			path = Controllers;
			sourceTree = "<group>";
		};
		7443CA79289AF4810011D92F /* Habits */ = {
			isa = PBXGroup;
			children = (
				7443CA7A289AFA680011D92F /* Views */,
				7443CA7B289AFA700011D92F /* Controllers */,
				7443CA80289AFAC90011D92F /* Extentions */,
			);
			path = Habits;
			sourceTree = "<group>";
		};
		7443CA7A289AFA680011D92F /* Views */ = {
			isa = PBXGroup;
			children = (
				748382C428A3E0540035CEF2 /* Cells */,
				748382CB28A3E1300035CEF2 /* NewHabitView.swift */,
				74797C1128D9CBBE0030D93A /* AllHabitsView.swift */,
			);
			path = Views;
			sourceTree = "<group>";
		};
		7443CA7B289AFA700011D92F /* Controllers */ = {
			isa = PBXGroup;
			children = (
				748382CD28A3E15D0035CEF2 /* AllHabitsViewController.swift */,
				748382CF28A3E16B0035CEF2 /* NewHabitViewController.swift */,
			);
			path = Controllers;
			sourceTree = "<group>";
		};
		7443CA80289AFAC90011D92F /* Extentions */ = {
			isa = PBXGroup;
			children = (
			);
			path = Extentions;
			sourceTree = "<group>";
		};
		7443CA83289AFB3B0011D92F /* Notes */ = {
			isa = PBXGroup;
			children = (
				7443CA86289AFB590011D92F /* Views */,
				7443CA85289AFB520011D92F /* Controllers */,
				7443CA84289AFB440011D92F /* Extentions */,
			);
			path = Notes;
			sourceTree = "<group>";
		};
		7443CA84289AFB440011D92F /* Extentions */ = {
			isa = PBXGroup;
			children = (
			);
			path = Extentions;
			sourceTree = "<group>";
		};
		7443CA85289AFB520011D92F /* Controllers */ = {
			isa = PBXGroup;
			children = (
				7443CA89289AFB8D0011D92F /* NotesMainViewController.swift */,
				748382D928A3E4AD0035CEF2 /* AllNotesViewController.swift */,
				748382DB28A3E4BE0035CEF2 /* NewNoteViewController.swift */,
			);
			path = Controllers;
			sourceTree = "<group>";
		};
		7443CA86289AFB590011D92F /* Views */ = {
			isa = PBXGroup;
			children = (
				748382C328A3E0230035CEF2 /* Cells */,
				748382D728A3E4650035CEF2 /* NewNoteView.swift */,
				7443CA87289AFB7D0011D92F /* NotesMainView.swift */,
			);
			path = Views;
			sourceTree = "<group>";
		};
		7443CA8D289AFC090011D92F /* Extentions */ = {
			isa = PBXGroup;
			children = (
				7443CAB5289AFF9D0011D92F /* Alert */,
				7443CA8E289AFC270011D92F /* UiKIt +UIFont.swift */,
				7443CA90289AFC3B0011D92F /* UiKIt + UiButtons.swift */,
				7443CA92289AFC510011D92F /* UiKit + UiLabel.swift */,
				7443CA94289AFC6F0011D92F /* UiKit + UiStackView.swift */,
				7443CA96289AFCAB0011D92F /* UiKit + UiString + Capitalized.swift */,
				7443CACE289B067F0011D92F /* UIApplication+ManagedContext.swift */,
				747CDDEB28D31AE30010C31E /* UiKIt +UIColor.swift */,
				747CDDED28D328810010C31E /* UiKit + CGFloat.swift */,
				7413BDD828D8652600CF1A56 /* FloatingButton.swift */,
			);
			path = Extentions;
			sourceTree = "<group>";
		};
		7443CA98289AFD600011D92F /* Arrays */ = {
			isa = PBXGroup;
			children = (
				7443CA9C289AFDC10011D92F /* Arrays.swift */,
			);
			path = Arrays;
			sourceTree = "<group>";
		};
		7443CA99289AFD6B0011D92F /* Habit */ = {
			isa = PBXGroup;
			children = (
				7443CA9E289AFDEB0011D92F /* Habit + CoreDataClass.swift */,
				7443CAA0289AFE000011D92F /* Habit + CoreDataProperties.swift */,
			);
			path = Habit;
			sourceTree = "<group>";
		};
		7443CA9A289AFD730011D92F /* Reminder */ = {
			isa = PBXGroup;
			children = (
				7443CAA2289AFE340011D92F /* Reminder + CoreDataClass.swift */,
				7443CAA4289AFE470011D92F /* Reminder + CoreDataProperties.swift */,
			);
			path = Reminder;
			sourceTree = "<group>";
		};
		7443CA9B289AFD7B0011D92F /* Note */ = {
			isa = PBXGroup;
			children = (
				7443CAA6289AFE790011D92F /* Note + CoreDataClass.swift */,
				7443CAA8289AFE940011D92F /* Note + CoreDataProperties.swift */,
			);
			path = Note;
			sourceTree = "<group>";
		};
		7443CAAA289AFEB10011D92F /* Services */ = {
			isa = PBXGroup;
			children = (
				7443CAB1289AFF050011D92F /* AlertFactory.swift */,
				7443CAB3289AFF1D0011D92F /* CoreDataSevices.swift */,
				7443CAAB289AFED70011D92F /* NotesStore.swift */,
				7443CAAD289AFEE50011D92F /* HabitsStore.swift */,
				7443CAAF289AFEF80011D92F /* RemindersStore.swift */,
			);
			path = Services;
			sourceTree = "<group>";
		};
		7443CAB5289AFF9D0011D92F /* Alert */ = {
			isa = PBXGroup;
			children = (
				7443CAB6289AFFBF0011D92F /* UiVC + AlertDate.swift */,
				7443CAB8289AFFD90011D92F /* UiVC + AlertNewEvent.swift */,
				7443CABA289AFFEB0011D92F /* UiVC + AlertTime.swift */,
			);
			path = Alert;
			sourceTree = "<group>";
		};
		7443CABC289B00510011D92F /* Calendar */ = {
			isa = PBXGroup;
			children = (
				7443CABE289B006E0011D92F /* View */,
				7443CABF289B00760011D92F /* Controllers */,
				7443CABD289B005D0011D92F /* Extentions */,
			);
			path = Calendar;
			sourceTree = "<group>";
		};
		7443CABD289B005D0011D92F /* Extentions */ = {
			isa = PBXGroup;
			children = (
				7443CAC0289B00940011D92F /* FsCalendar + Settings.swift */,
			);
			path = Extentions;
			sourceTree = "<group>";
		};
		7443CABE289B006E0011D92F /* View */ = {
			isa = PBXGroup;
			children = (
				74FA1DD228AD606900E074F5 /* Cell */,
				7443CAC4289B00CE0011D92F /* CalendarView.swift */,
			);
			path = View;
			sourceTree = "<group>";
		};
		7443CABF289B00760011D92F /* Controllers */ = {
			isa = PBXGroup;
			children = (
				7443CAC2289B00B20011D92F /* CalendarViewController.swift */,
			);
			path = Controllers;
			sourceTree = "<group>";
		};
		7443CAC8289B01220011D92F /* Network */ = {
			isa = PBXGroup;
			children = (
				7443CACB289B01670011D92F /* Model */,
			);
			path = Network;
			sourceTree = "<group>";
		};
		7443CACB289B01670011D92F /* Model */ = {
			isa = PBXGroup;
			children = (
				7443CAD2289C46A80011D92F /* ApiModel.swift */,
				7443CAD4289C546B0011D92F /* WeatherManager.swift */,
			);
			path = Model;
			sourceTree = "<group>";
		};
		7443CAD6289F9CE90011D92F /* Extention */ = {
			isa = PBXGroup;
			children = (
				7443CADF289F9ED90011D92F /* PomodoroViewController + Animation.swift */,
				7443CAE3289F9F030011D92F /* PomodoroViewController + DrawLayer.swift */,
				7443CAE5289F9F130011D92F /* PomodoroViewController + FocusTimer.swift */,
				7443CAE7289F9F210011D92F /* PomodoroViewController + LongRestTimer.swift */,
				7443CAE9289F9F310011D92F /* PomodoroViewController + RestTimer.swift */,
			);
			path = Extention;
			sourceTree = "<group>";
		};
		7443CAD7289F9CFD0011D92F /* Controllers */ = {
			isa = PBXGroup;
			children = (
				7443CA60289AF2180011D92F /* PomodoroViewController.swift */,
			);
			path = Controllers;
			sourceTree = "<group>";
		};
		7443CAD8289F9D060011D92F /* View */ = {
			isa = PBXGroup;
			children = (
				7443CADA289F9D2E0011D92F /* Cell */,
				7443CADD289F9D770011D92F /* PomodoroView.swift */,
			);
			path = View;
			sourceTree = "<group>";
		};
		7443CAD9289F9D110011D92F /* Model */ = {
			isa = PBXGroup;
			children = (
			);
			path = Model;
			sourceTree = "<group>";
		};
		7443CADA289F9D2E0011D92F /* Cell */ = {
			isa = PBXGroup;
			children = (
			);
			path = Cell;
			sourceTree = "<group>";
		};
		74797C0C28D9B5470030D93A /* Extentions */ = {
			isa = PBXGroup;
			children = (
				74797C0D28D9B55D0030D93A /* BaseButtons.swift */,
			);
			path = Extentions;
			sourceTree = "<group>";
		};
		7481938128D480BA006CC722 /* Structs */ = {
			isa = PBXGroup;
			children = (
				7481938228D480E1006CC722 /* DividerStruct.swift */,
			);
			path = Structs;
			sourceTree = "<group>";
		};
		7481938428D486D1006CC722 /* BaseViewController */ = {
			isa = PBXGroup;
			children = (
				74797C0C28D9B5470030D93A /* Extentions */,
				7481938C28D4888A006CC722 /* Controllers */,
				7481938A28D48879006CC722 /* Views */,
			);
			path = BaseViewController;
			sourceTree = "<group>";
		};
		7481938728D487D3006CC722 /* Enums */ = {
			isa = PBXGroup;
			children = (
				7481938828D487FD006CC722 /* BaseEnum.swift */,
			);
			path = Enums;
			sourceTree = "<group>";
		};
		7481938A28D48879006CC722 /* Views */ = {
			isa = PBXGroup;
			children = (
				7481938B28D48881006CC722 /* Cells */,
				7481938F28D4D907006CC722 /* BaseAllView.swift */,
				7413BDD628D85D5B00CF1A56 /* BaseNewView.swift */,
				74797C0A28D9B3B30030D93A /* BaseMainView.swift */,
			);
			path = Views;
			sourceTree = "<group>";
		};
		7481938B28D48881006CC722 /* Cells */ = {
			isa = PBXGroup;
			children = (
				7481938D28D488C5006CC722 /* BaseAllViewCell.swift */,
				7413BDD228D8523100CF1A56 /* BaseNewViewCell.swift */,
			);
			path = Cells;
			sourceTree = "<group>";
		};
		7481938C28D4888A006CC722 /* Controllers */ = {
			isa = PBXGroup;
			children = (
			);
			path = Controllers;
			sourceTree = "<group>";
		};
		748382C328A3E0230035CEF2 /* Cells */ = {
			isa = PBXGroup;
			children = (
				748382D128A3E3FD0035CEF2 /* AllNotesViewCell.swift */,
				748382D328A3E40F0035CEF2 /* NewNoteViewCell.swift */,
			);
			path = Cells;
			sourceTree = "<group>";
		};
		748382C428A3E0540035CEF2 /* Cells */ = {
			isa = PBXGroup;
			children = (
				748382C728A3E0D10035CEF2 /* HabitCollectionViewCell.swift */,
				748382C928A3E0DE0035CEF2 /* NewHabitViewCell.swift */,
			);
			path = Cells;
			sourceTree = "<group>";
		};
		748382DD28A3E5050035CEF2 /* Cells */ = {
			isa = PBXGroup;
			children = (
				748382DE28A3E51C0035CEF2 /* AllRemindersViewCell.swift */,
				748382E028A3E5330035CEF2 /* NewReminderViewCell.swift */,
			);
			path = Cells;
			sourceTree = "<group>";
		};
		74A22EFC289AE33A007B60AE = {
			isa = PBXGroup;
			children = (
				74A22F07289AE33A007B60AE /* Let's Do It */,
				74A22F21289AE33D007B60AE /* Let's Do ItTests */,
				74A22F2B289AE33D007B60AE /* Let's Do ItUITests */,
				74A22F06289AE33A007B60AE /* Products */,
			);
			sourceTree = "<group>";
		};
		74A22F06289AE33A007B60AE /* Products */ = {
			isa = PBXGroup;
			children = (
				74A22F05289AE33A007B60AE /* Let's Do It.app */,
				74A22F1E289AE33D007B60AE /* Let's Do ItTests.xctest */,
				74A22F28289AE33D007B60AE /* Let's Do ItUITests.xctest */,
			);
			name = Products;
			sourceTree = "<group>";
		};
		74A22F07289AE33A007B60AE /* Let's Do It */ = {
			isa = PBXGroup;
			children = (
				74A22F3F289AE7DD007B60AE /* Application */,
				74A22F40289AEA70007B60AE /* Models */,
				7443CAAA289AFEB10011D92F /* Services */,
				7443CA8D289AFC090011D92F /* Extentions */,
				74A22F41289AED4C007B60AE /* Modules */,
				7443CAC8289B01220011D92F /* Network */,
				74A22F3B289AE413007B60AE /* Resourses */,
			);
			path = "Let's Do It";
			sourceTree = "<group>";
		};
		74A22F21289AE33D007B60AE /* Let's Do ItTests */ = {
			isa = PBXGroup;
			children = (
				74A22F22289AE33D007B60AE /* Let_s_Do_ItTests.swift */,
			);
			path = "Let's Do ItTests";
			sourceTree = "<group>";
		};
		74A22F2B289AE33D007B60AE /* Let's Do ItUITests */ = {
			isa = PBXGroup;
			children = (
				74A22F2C289AE33D007B60AE /* Let_s_Do_ItUITests.swift */,
				74A22F2E289AE33D007B60AE /* Let_s_Do_ItUITestsLaunchTests.swift */,
			);
			path = "Let's Do ItUITests";
			sourceTree = "<group>";
		};
		74A22F3B289AE413007B60AE /* Resourses */ = {
			isa = PBXGroup;
			children = (
				74A22F19289AE33D007B60AE /* Info.plist */,
				74A22F14289AE33D007B60AE /* Assets.xcassets */,
				74A22F16289AE33D007B60AE /* LaunchScreen.storyboard */,
			);
			path = Resourses;
			sourceTree = "<group>";
		};
		74A22F3F289AE7DD007B60AE /* Application */ = {
			isa = PBXGroup;
			children = (
				74A22F08289AE33A007B60AE /* AppDelegate.swift */,
				74A22F0A289AE33A007B60AE /* SceneDelegate.swift */,
			);
			path = Application;
			sourceTree = "<group>";
		};
		74A22F40289AEA70007B60AE /* Models */ = {
			isa = PBXGroup;
			children = (
				7481938728D487D3006CC722 /* Enums */,
				7481938128D480BA006CC722 /* Structs */,
				74A22F11289AE33A007B60AE /* Let_s_Do_It.xcdatamodeld */,
				7443CA98289AFD600011D92F /* Arrays */,
				7443CA99289AFD6B0011D92F /* Habit */,
				7443CA9A289AFD730011D92F /* Reminder */,
				7443CA9B289AFD7B0011D92F /* Note */,
			);
			path = Models;
			sourceTree = "<group>";
		};
		74A22F41289AED4C007B60AE /* Modules */ = {
			isa = PBXGroup;
			children = (
				7443CA2C289AEEA30011D92F /* SideMenu */,
				74A22F42289AED57007B60AE /* MainScreen */,
			);
			path = Modules;
			sourceTree = "<group>";
		};
		74A22F42289AED57007B60AE /* MainScreen */ = {
			isa = PBXGroup;
			children = (
				7481938428D486D1006CC722 /* BaseViewController */,
				74A22F43289AED66007B60AE /* MainTabBarController */,
				7443CABC289B00510011D92F /* Calendar */,
				7443CA83289AFB3B0011D92F /* Notes */,
				7443CA66289AF2DA0011D92F /* Reminders */,
				7443CA70289AF3CE0011D92F /* Today */,
				7443CA79289AF4810011D92F /* Habits */,
			);
			path = MainScreen;
			sourceTree = "<group>";
		};
		74A22F43289AED66007B60AE /* MainTabBarController */ = {
			isa = PBXGroup;
			children = (
				74A22F44289AED8D007B60AE /* MainTabBarController.swift */,
			);
			path = MainTabBarController;
			sourceTree = "<group>";
		};
		74FA1DD228AD606900E074F5 /* Cell */ = {
			isa = PBXGroup;
			children = (
				74FA1DD328AD608D00E074F5 /* CalendarTableViewCell.swift */,
			);
			path = Cell;
			sourceTree = "<group>";
		};
/* End PBXGroup section */

/* Begin PBXNativeTarget section */
		74A22F04289AE33A007B60AE /* Let's Do It */ = {
			isa = PBXNativeTarget;
			buildConfigurationList = 74A22F32289AE33D007B60AE /* Build configuration list for PBXNativeTarget "Let's Do It" */;
			buildPhases = (
				74A22F01289AE33A007B60AE /* Sources */,
				74A22F02289AE33A007B60AE /* Frameworks */,
				74A22F03289AE33A007B60AE /* Resources */,
			);
			buildRules = (
			);
			dependencies = (
			);
			name = "Let's Do It";
			packageProductDependencies = (
				74A22F3D289AE7BB007B60AE /* FSCalendar */,
			);
			productName = "Let's Do It";
			productReference = 74A22F05289AE33A007B60AE /* Let's Do It.app */;
			productType = "com.apple.product-type.application";
		};
		74A22F1D289AE33D007B60AE /* Let's Do ItTests */ = {
			isa = PBXNativeTarget;
			buildConfigurationList = 74A22F35289AE33D007B60AE /* Build configuration list for PBXNativeTarget "Let's Do ItTests" */;
			buildPhases = (
				74A22F1A289AE33D007B60AE /* Sources */,
				74A22F1B289AE33D007B60AE /* Frameworks */,
				74A22F1C289AE33D007B60AE /* Resources */,
			);
			buildRules = (
			);
			dependencies = (
				74A22F20289AE33D007B60AE /* PBXTargetDependency */,
			);
			name = "Let's Do ItTests";
			productName = "Let's Do ItTests";
			productReference = 74A22F1E289AE33D007B60AE /* Let's Do ItTests.xctest */;
			productType = "com.apple.product-type.bundle.unit-test";
		};
		74A22F27289AE33D007B60AE /* Let's Do ItUITests */ = {
			isa = PBXNativeTarget;
			buildConfigurationList = 74A22F38289AE33D007B60AE /* Build configuration list for PBXNativeTarget "Let's Do ItUITests" */;
			buildPhases = (
				74A22F24289AE33D007B60AE /* Sources */,
				74A22F25289AE33D007B60AE /* Frameworks */,
				74A22F26289AE33D007B60AE /* Resources */,
			);
			buildRules = (
			);
			dependencies = (
				74A22F2A289AE33D007B60AE /* PBXTargetDependency */,
			);
			name = "Let's Do ItUITests";
			productName = "Let's Do ItUITests";
			productReference = 74A22F28289AE33D007B60AE /* Let's Do ItUITests.xctest */;
			productType = "com.apple.product-type.bundle.ui-testing";
		};
/* End PBXNativeTarget section */

/* Begin PBXProject section */
		74A22EFD289AE33A007B60AE /* Project object */ = {
			isa = PBXProject;
			attributes = {
				BuildIndependentTargetsInParallel = 1;
				LastSwiftUpdateCheck = 1340;
				LastUpgradeCheck = 1340;
				TargetAttributes = {
					74A22F04289AE33A007B60AE = {
						CreatedOnToolsVersion = 13.4.1;
					};
					74A22F1D289AE33D007B60AE = {
						CreatedOnToolsVersion = 13.4.1;
						TestTargetID = 74A22F04289AE33A007B60AE;
					};
					74A22F27289AE33D007B60AE = {
						CreatedOnToolsVersion = 13.4.1;
						TestTargetID = 74A22F04289AE33A007B60AE;
					};
				};
			};
			buildConfigurationList = 74A22F00289AE33A007B60AE /* Build configuration list for PBXProject "Let's Do It" */;
			compatibilityVersion = "Xcode 13.0";
			developmentRegion = en;
			hasScannedForEncodings = 0;
			knownRegions = (
				en,
				Base,
			);
			mainGroup = 74A22EFC289AE33A007B60AE;
			packageReferences = (
				74A22F3C289AE7BB007B60AE /* XCRemoteSwiftPackageReference "FSCalendar" */,
			);
			productRefGroup = 74A22F06289AE33A007B60AE /* Products */;
			projectDirPath = "";
			projectRoot = "";
			targets = (
				74A22F04289AE33A007B60AE /* Let's Do It */,
				74A22F1D289AE33D007B60AE /* Let's Do ItTests */,
				74A22F27289AE33D007B60AE /* Let's Do ItUITests */,
			);
		};
/* End PBXProject section */

/* Begin PBXResourcesBuildPhase section */
		74A22F03289AE33A007B60AE /* Resources */ = {
			isa = PBXResourcesBuildPhase;
			buildActionMask = 2147483647;
			files = (
				74A22F18289AE33D007B60AE /* LaunchScreen.storyboard in Resources */,
				74A22F15289AE33D007B60AE /* Assets.xcassets in Resources */,
			);
			runOnlyForDeploymentPostprocessing = 0;
		};
		74A22F1C289AE33D007B60AE /* Resources */ = {
			isa = PBXResourcesBuildPhase;
			buildActionMask = 2147483647;
			files = (
			);
			runOnlyForDeploymentPostprocessing = 0;
		};
		74A22F26289AE33D007B60AE /* Resources */ = {
			isa = PBXResourcesBuildPhase;
			buildActionMask = 2147483647;
			files = (
			);
			runOnlyForDeploymentPostprocessing = 0;
		};
/* End PBXResourcesBuildPhase section */

/* Begin PBXSourcesBuildPhase section */
		74A22F01289AE33A007B60AE /* Sources */ = {
			isa = PBXSourcesBuildPhase;
			buildActionMask = 2147483647;
			files = (
				7443CA8F289AFC270011D92F /* UiKIt +UIFont.swift in Sources */,
				7443CA6D289AF3680011D92F /* RemindersMainViewController.swift in Sources */,
				748382CE28A3E15D0035CEF2 /* AllHabitsViewController.swift in Sources */,
				748382DA28A3E4AD0035CEF2 /* AllNotesViewController.swift in Sources */,
				748382D828A3E4650035CEF2 /* NewNoteView.swift in Sources */,
				7443CA9D289AFDC10011D92F /* Arrays.swift in Sources */,
				748382E728A3E5D80035CEF2 /* AllRemindersViewController.swift in Sources */,
				7443CA56289AF13B0011D92F /* ContentViewControllerPresentation.swift in Sources */,
				7481938928D487FD006CC722 /* BaseEnum.swift in Sources */,
				7443CA91289AFC3B0011D92F /* UiKIt + UiButtons.swift in Sources */,
				7443CAC5289B00CE0011D92F /* CalendarView.swift in Sources */,
				748382E928A3E6030035CEF2 /* NewReminderViewController.swift in Sources */,
				7443CAE8289F9F210011D92F /* PomodoroViewController + LongRestTimer.swift in Sources */,
				748382CA28A3E0DE0035CEF2 /* NewHabitViewCell.swift in Sources */,
				7443CA6B289AF3380011D92F /* RemindersMainView.swift in Sources */,
				7481938328D480E1006CC722 /* DividerStruct.swift in Sources */,
				748382E128A3E5330035CEF2 /* NewReminderViewCell.swift in Sources */,
				7443CA8A289AFB8D0011D92F /* NotesMainViewController.swift in Sources */,
				7443CAB0289AFEF80011D92F /* RemindersStore.swift in Sources */,
				7443CA54289AF1220011D92F /* ContentViewController.swift in Sources */,
				748382D228A3E3FD0035CEF2 /* AllNotesViewCell.swift in Sources */,
				7443CAE0289F9ED90011D92F /* PomodoroViewController + Animation.swift in Sources */,
				7443CACF289B067F0011D92F /* UIApplication+ManagedContext.swift in Sources */,
				7443CAB9289AFFD90011D92F /* UiVC + AlertNewEvent.swift in Sources */,
				7443CAEA289F9F310011D92F /* PomodoroViewController + RestTimer.swift in Sources */,
				7443CAD5289C546B0011D92F /* WeatherManager.swift in Sources */,
				7443CAB7289AFFBF0011D92F /* UiVC + AlertDate.swift in Sources */,
				74797C0B28D9B3B30030D93A /* BaseMainView.swift in Sources */,
				7443CA95289AFC6F0011D92F /* UiKit + UiStackView.swift in Sources */,
				7443CA4C289AF0370011D92F /* SideMenuItemCell.swift in Sources */,
				7443CA4E289AF04B0011D92F /* SideMenuView.swift in Sources */,
				7443CA65289AF27F0011D92F /* ContainerViewComposer.swift in Sources */,
				748382CC28A3E1300035CEF2 /* NewHabitView.swift in Sources */,
				748382C828A3E0D10035CEF2 /* HabitCollectionViewCell.swift in Sources */,
				7413BDD728D85D5B00CF1A56 /* BaseNewView.swift in Sources */,
				748382DF28A3E51C0035CEF2 /* AllRemindersViewCell.swift in Sources */,
				7443CAA7289AFE790011D92F /* Note + CoreDataClass.swift in Sources */,
				7443CA58289AF14C0011D92F /* SideMenuViewController.swift in Sources */,
				7443CAAE289AFEE50011D92F /* HabitsStore.swift in Sources */,
				7443CABB289AFFEB0011D92F /* UiVC + AlertTime.swift in Sources */,
				74797C0E28D9B55D0030D93A /* BaseButtons.swift in Sources */,
				748382D428A3E40F0035CEF2 /* NewNoteViewCell.swift in Sources */,
				7443CAA1289AFE000011D92F /* Habit + CoreDataProperties.swift in Sources */,
				7443CA88289AFB7D0011D92F /* NotesMainView.swift in Sources */,
				74A22F13289AE33A007B60AE /* Let_s_Do_It.xcdatamodeld in Sources */,
				74A22F45289AED8D007B60AE /* MainTabBarController.swift in Sources */,
				7443CA78289AF44E0011D92F /* TodayViewController.swift in Sources */,
				7443CAB2289AFF050011D92F /* AlertFactory.swift in Sources */,
				7443CA74289AF3FF0011D92F /* TableHeaderView.swift in Sources */,
				7443CAE6289F9F130011D92F /* PomodoroViewController + FocusTimer.swift in Sources */,
				7443CAC1289B00940011D92F /* FsCalendar + Settings.swift in Sources */,
				7443CA5D289AF1EB0011D92F /* AuthViewController.swift in Sources */,
				7443CAD3289C46A80011D92F /* ApiModel.swift in Sources */,
				7443CA5F289AF2050011D92F /* SettingsViewController.swift in Sources */,
				74FA1DD428AD608D00E074F5 /* CalendarTableViewCell.swift in Sources */,
				7443CAAC289AFED70011D92F /* NotesStore.swift in Sources */,
				74A22F09289AE33A007B60AE /* AppDelegate.swift in Sources */,
				748382DC28A3E4BE0035CEF2 /* NewNoteViewController.swift in Sources */,
				7443CAC3289B00B20011D92F /* CalendarViewController.swift in Sources */,
				7443CAE4289F9F030011D92F /* PomodoroViewController + DrawLayer.swift in Sources */,
				748382E528A3E5B80035CEF2 /* NewReminderView.swift in Sources */,
				7481939028D4D907006CC722 /* BaseAllView.swift in Sources */,
				7443CA9F289AFDEB0011D92F /* Habit + CoreDataClass.swift in Sources */,
				7443CA50289AF0C90011D92F /* SideMenuItem.swift in Sources */,
				7443CAA5289AFE470011D92F /* Reminder + CoreDataProperties.swift in Sources */,
				7413BDD328D8523100CF1A56 /* BaseNewViewCell.swift in Sources */,
				7481938E28D488C5006CC722 /* BaseAllViewCell.swift in Sources */,
				7443CAB4289AFF1D0011D92F /* CoreDataSevices.swift in Sources */,
				747CDDEC28D31AE30010C31E /* UiKIt +UIColor.swift in Sources */,
				7443CAA3289AFE340011D92F /* Reminder + CoreDataClass.swift in Sources */,
				7443CA61289AF2180011D92F /* PomodoroViewController.swift in Sources */,
				748382D028A3E16B0035CEF2 /* NewHabitViewController.swift in Sources */,
				7443CA52289AF10D0011D92F /* ContainerViewController.swift in Sources */,
				7443CAA9289AFE940011D92F /* Note + CoreDataProperties.swift in Sources */,
				7443CA63289AF2610011D92F /* ExtensionSideMenuViewController + show&hide.swift in Sources */,
				7443CADE289F9D770011D92F /* PomodoroView.swift in Sources */,
				747CDDEE28D328810010C31E /* UiKit + CGFloat.swift in Sources */,
				74A22F0B289AE33A007B60AE /* SceneDelegate.swift in Sources */,
				7443CA97289AFCAB0011D92F /* UiKit + UiString + Capitalized.swift in Sources */,
				7413BDD928D8652700CF1A56 /* FloatingButton.swift in Sources */,
				7443CA76289AF40A0011D92F /* TodayView.swift in Sources */,
				74797C1228D9CBBE0030D93A /* AllHabitsView.swift in Sources */,
				7443CA93289AFC510011D92F /* UiKit + UiLabel.swift in Sources */,
			);
			runOnlyForDeploymentPostprocessing = 0;
		};
		74A22F1A289AE33D007B60AE /* Sources */ = {
			isa = PBXSourcesBuildPhase;
			buildActionMask = 2147483647;
			files = (
				74A22F23289AE33D007B60AE /* Let_s_Do_ItTests.swift in Sources */,
			);
			runOnlyForDeploymentPostprocessing = 0;
		};
		74A22F24289AE33D007B60AE /* Sources */ = {
			isa = PBXSourcesBuildPhase;
			buildActionMask = 2147483647;
			files = (
				74A22F2F289AE33D007B60AE /* Let_s_Do_ItUITestsLaunchTests.swift in Sources */,
				74A22F2D289AE33D007B60AE /* Let_s_Do_ItUITests.swift in Sources */,
			);
			runOnlyForDeploymentPostprocessing = 0;
		};
/* End PBXSourcesBuildPhase section */

/* Begin PBXTargetDependency section */
		74A22F20289AE33D007B60AE /* PBXTargetDependency */ = {
			isa = PBXTargetDependency;
			target = 74A22F04289AE33A007B60AE /* Let's Do It */;
			targetProxy = 74A22F1F289AE33D007B60AE /* PBXContainerItemProxy */;
		};
		74A22F2A289AE33D007B60AE /* PBXTargetDependency */ = {
			isa = PBXTargetDependency;
			target = 74A22F04289AE33A007B60AE /* Let's Do It */;
			targetProxy = 74A22F29289AE33D007B60AE /* PBXContainerItemProxy */;
		};
/* End PBXTargetDependency section */

/* Begin PBXVariantGroup section */
		74A22F16289AE33D007B60AE /* LaunchScreen.storyboard */ = {
			isa = PBXVariantGroup;
			children = (
				74A22F17289AE33D007B60AE /* Base */,
			);
			name = LaunchScreen.storyboard;
			sourceTree = "<group>";
		};
/* End PBXVariantGroup section */

/* Begin XCBuildConfiguration section */
		74A22F30289AE33D007B60AE /* Debug */ = {
			isa = XCBuildConfiguration;
			buildSettings = {
				ALWAYS_SEARCH_USER_PATHS = NO;
				CLANG_ANALYZER_NONNULL = YES;
				CLANG_ANALYZER_NUMBER_OBJECT_CONVERSION = YES_AGGRESSIVE;
				CLANG_CXX_LANGUAGE_STANDARD = "gnu++17";
				CLANG_ENABLE_MODULES = YES;
				CLANG_ENABLE_OBJC_ARC = YES;
				CLANG_ENABLE_OBJC_WEAK = YES;
				CLANG_WARN_BLOCK_CAPTURE_AUTORELEASING = YES;
				CLANG_WARN_BOOL_CONVERSION = YES;
				CLANG_WARN_COMMA = YES;
				CLANG_WARN_CONSTANT_CONVERSION = YES;
				CLANG_WARN_DEPRECATED_OBJC_IMPLEMENTATIONS = YES;
				CLANG_WARN_DIRECT_OBJC_ISA_USAGE = YES_ERROR;
				CLANG_WARN_DOCUMENTATION_COMMENTS = YES;
				CLANG_WARN_EMPTY_BODY = YES;
				CLANG_WARN_ENUM_CONVERSION = YES;
				CLANG_WARN_INFINITE_RECURSION = YES;
				CLANG_WARN_INT_CONVERSION = YES;
				CLANG_WARN_NON_LITERAL_NULL_CONVERSION = YES;
				CLANG_WARN_OBJC_IMPLICIT_RETAIN_SELF = YES;
				CLANG_WARN_OBJC_LITERAL_CONVERSION = YES;
				CLANG_WARN_OBJC_ROOT_CLASS = YES_ERROR;
				CLANG_WARN_QUOTED_INCLUDE_IN_FRAMEWORK_HEADER = YES;
				CLANG_WARN_RANGE_LOOP_ANALYSIS = YES;
				CLANG_WARN_STRICT_PROTOTYPES = YES;
				CLANG_WARN_SUSPICIOUS_MOVE = YES;
				CLANG_WARN_UNGUARDED_AVAILABILITY = YES_AGGRESSIVE;
				CLANG_WARN_UNREACHABLE_CODE = YES;
				CLANG_WARN__DUPLICATE_METHOD_MATCH = YES;
				COPY_PHASE_STRIP = NO;
				DEBUG_INFORMATION_FORMAT = dwarf;
				ENABLE_STRICT_OBJC_MSGSEND = YES;
				ENABLE_TESTABILITY = YES;
				GCC_C_LANGUAGE_STANDARD = gnu11;
				GCC_DYNAMIC_NO_PIC = NO;
				GCC_NO_COMMON_BLOCKS = YES;
				GCC_OPTIMIZATION_LEVEL = 0;
				GCC_PREPROCESSOR_DEFINITIONS = (
					"DEBUG=1",
					"$(inherited)",
				);
				GCC_WARN_64_TO_32_BIT_CONVERSION = YES;
				GCC_WARN_ABOUT_RETURN_TYPE = YES_ERROR;
				GCC_WARN_UNDECLARED_SELECTOR = YES;
				GCC_WARN_UNINITIALIZED_AUTOS = YES_AGGRESSIVE;
				GCC_WARN_UNUSED_FUNCTION = YES;
				GCC_WARN_UNUSED_VARIABLE = YES;
				IPHONEOS_DEPLOYMENT_TARGET = 14.0;
				MTL_ENABLE_DEBUG_INFO = INCLUDE_SOURCE;
				MTL_FAST_MATH = YES;
				ONLY_ACTIVE_ARCH = YES;
				SDKROOT = iphoneos;
				SWIFT_ACTIVE_COMPILATION_CONDITIONS = DEBUG;
				SWIFT_OPTIMIZATION_LEVEL = "-Onone";
			};
			name = Debug;
		};
		74A22F31289AE33D007B60AE /* Release */ = {
			isa = XCBuildConfiguration;
			buildSettings = {
				ALWAYS_SEARCH_USER_PATHS = NO;
				CLANG_ANALYZER_NONNULL = YES;
				CLANG_ANALYZER_NUMBER_OBJECT_CONVERSION = YES_AGGRESSIVE;
				CLANG_CXX_LANGUAGE_STANDARD = "gnu++17";
				CLANG_ENABLE_MODULES = YES;
				CLANG_ENABLE_OBJC_ARC = YES;
				CLANG_ENABLE_OBJC_WEAK = YES;
				CLANG_WARN_BLOCK_CAPTURE_AUTORELEASING = YES;
				CLANG_WARN_BOOL_CONVERSION = YES;
				CLANG_WARN_COMMA = YES;
				CLANG_WARN_CONSTANT_CONVERSION = YES;
				CLANG_WARN_DEPRECATED_OBJC_IMPLEMENTATIONS = YES;
				CLANG_WARN_DIRECT_OBJC_ISA_USAGE = YES_ERROR;
				CLANG_WARN_DOCUMENTATION_COMMENTS = YES;
				CLANG_WARN_EMPTY_BODY = YES;
				CLANG_WARN_ENUM_CONVERSION = YES;
				CLANG_WARN_INFINITE_RECURSION = YES;
				CLANG_WARN_INT_CONVERSION = YES;
				CLANG_WARN_NON_LITERAL_NULL_CONVERSION = YES;
				CLANG_WARN_OBJC_IMPLICIT_RETAIN_SELF = YES;
				CLANG_WARN_OBJC_LITERAL_CONVERSION = YES;
				CLANG_WARN_OBJC_ROOT_CLASS = YES_ERROR;
				CLANG_WARN_QUOTED_INCLUDE_IN_FRAMEWORK_HEADER = YES;
				CLANG_WARN_RANGE_LOOP_ANALYSIS = YES;
				CLANG_WARN_STRICT_PROTOTYPES = YES;
				CLANG_WARN_SUSPICIOUS_MOVE = YES;
				CLANG_WARN_UNGUARDED_AVAILABILITY = YES_AGGRESSIVE;
				CLANG_WARN_UNREACHABLE_CODE = YES;
				CLANG_WARN__DUPLICATE_METHOD_MATCH = YES;
				COPY_PHASE_STRIP = NO;
				DEBUG_INFORMATION_FORMAT = "dwarf-with-dsym";
				ENABLE_NS_ASSERTIONS = NO;
				ENABLE_STRICT_OBJC_MSGSEND = YES;
				GCC_C_LANGUAGE_STANDARD = gnu11;
				GCC_NO_COMMON_BLOCKS = YES;
				GCC_WARN_64_TO_32_BIT_CONVERSION = YES;
				GCC_WARN_ABOUT_RETURN_TYPE = YES_ERROR;
				GCC_WARN_UNDECLARED_SELECTOR = YES;
				GCC_WARN_UNINITIALIZED_AUTOS = YES_AGGRESSIVE;
				GCC_WARN_UNUSED_FUNCTION = YES;
				GCC_WARN_UNUSED_VARIABLE = YES;
				IPHONEOS_DEPLOYMENT_TARGET = 14.0;
				MTL_ENABLE_DEBUG_INFO = NO;
				MTL_FAST_MATH = YES;
				SDKROOT = iphoneos;
				SWIFT_COMPILATION_MODE = wholemodule;
				SWIFT_OPTIMIZATION_LEVEL = "-O";
				VALIDATE_PRODUCT = YES;
			};
			name = Release;
		};
		74A22F33289AE33D007B60AE /* Debug */ = {
			isa = XCBuildConfiguration;
			buildSettings = {
				ASSETCATALOG_COMPILER_APPICON_NAME = AppIcon;
				ASSETCATALOG_COMPILER_GLOBAL_ACCENT_COLOR_NAME = AccentColor;
				CODE_SIGN_STYLE = Automatic;
				CURRENT_PROJECT_VERSION = 1;
				DEVELOPMENT_TEAM = 7S58P9LH7H;
				GENERATE_INFOPLIST_FILE = YES;
				INFOPLIST_FILE = "Let's Do It/Resourses/Info.plist";
				INFOPLIST_KEY_UIApplicationSupportsIndirectInputEvents = YES;
				INFOPLIST_KEY_UILaunchStoryboardName = LaunchScreen;
				INFOPLIST_KEY_UISupportedInterfaceOrientations = UIInterfaceOrientationPortrait;
				INFOPLIST_KEY_UISupportedInterfaceOrientations_iPad = "UIInterfaceOrientationPortrait UIInterfaceOrientationPortraitUpsideDown UIInterfaceOrientationLandscapeLeft UIInterfaceOrientationLandscapeRight";
				INFOPLIST_KEY_UISupportedInterfaceOrientations_iPhone = "UIInterfaceOrientationPortrait UIInterfaceOrientationLandscapeLeft UIInterfaceOrientationLandscapeRight";
				IPHONEOS_DEPLOYMENT_TARGET = 14.0;
				LD_RUNPATH_SEARCH_PATHS = (
					"$(inherited)",
					"@executable_path/Frameworks",
				);
				MARKETING_VERSION = 1.0;
				PRODUCT_BUNDLE_IDENTIFIER = "romanKarasev.Let-s-Do-It";
				PRODUCT_NAME = "$(TARGET_NAME)";
				SWIFT_EMIT_LOC_STRINGS = YES;
				SWIFT_VERSION = 5.0;
				TARGETED_DEVICE_FAMILY = "1,2";
			};
			name = Debug;
		};
		74A22F34289AE33D007B60AE /* Release */ = {
			isa = XCBuildConfiguration;
			buildSettings = {
				ASSETCATALOG_COMPILER_APPICON_NAME = AppIcon;
				ASSETCATALOG_COMPILER_GLOBAL_ACCENT_COLOR_NAME = AccentColor;
				CODE_SIGN_STYLE = Automatic;
				CURRENT_PROJECT_VERSION = 1;
				DEVELOPMENT_TEAM = 7S58P9LH7H;
				GENERATE_INFOPLIST_FILE = YES;
				INFOPLIST_FILE = "Let's Do It/Resourses/Info.plist";
				INFOPLIST_KEY_UIApplicationSupportsIndirectInputEvents = YES;
				INFOPLIST_KEY_UILaunchStoryboardName = LaunchScreen;
				INFOPLIST_KEY_UISupportedInterfaceOrientations = UIInterfaceOrientationPortrait;
				INFOPLIST_KEY_UISupportedInterfaceOrientations_iPad = "UIInterfaceOrientationPortrait UIInterfaceOrientationPortraitUpsideDown UIInterfaceOrientationLandscapeLeft UIInterfaceOrientationLandscapeRight";
				INFOPLIST_KEY_UISupportedInterfaceOrientations_iPhone = "UIInterfaceOrientationPortrait UIInterfaceOrientationLandscapeLeft UIInterfaceOrientationLandscapeRight";
				IPHONEOS_DEPLOYMENT_TARGET = 14.0;
				LD_RUNPATH_SEARCH_PATHS = (
					"$(inherited)",
					"@executable_path/Frameworks",
				);
				MARKETING_VERSION = 1.0;
				PRODUCT_BUNDLE_IDENTIFIER = "romanKarasev.Let-s-Do-It";
				PRODUCT_NAME = "$(TARGET_NAME)";
				SWIFT_EMIT_LOC_STRINGS = YES;
				SWIFT_VERSION = 5.0;
				TARGETED_DEVICE_FAMILY = "1,2";
			};
			name = Release;
		};
		74A22F36289AE33D007B60AE /* Debug */ = {
			isa = XCBuildConfiguration;
			buildSettings = {
				ALWAYS_EMBED_SWIFT_STANDARD_LIBRARIES = YES;
				BUNDLE_LOADER = "$(TEST_HOST)";
				CODE_SIGN_STYLE = Automatic;
				CURRENT_PROJECT_VERSION = 1;
				DEVELOPMENT_TEAM = 7S58P9LH7H;
				GENERATE_INFOPLIST_FILE = YES;
				IPHONEOS_DEPLOYMENT_TARGET = 15.5;
				MARKETING_VERSION = 1.0;
				PRODUCT_BUNDLE_IDENTIFIER = "romanKarasev.Let-s-Do-ItTests";
				PRODUCT_NAME = "$(TARGET_NAME)";
				SWIFT_EMIT_LOC_STRINGS = NO;
				SWIFT_VERSION = 5.0;
				TARGETED_DEVICE_FAMILY = "1,2";
				TEST_HOST = "$(BUILT_PRODUCTS_DIR)/Let's Do It.app/Let's Do It";
			};
			name = Debug;
		};
		74A22F37289AE33D007B60AE /* Release */ = {
			isa = XCBuildConfiguration;
			buildSettings = {
				ALWAYS_EMBED_SWIFT_STANDARD_LIBRARIES = YES;
				BUNDLE_LOADER = "$(TEST_HOST)";
				CODE_SIGN_STYLE = Automatic;
				CURRENT_PROJECT_VERSION = 1;
				DEVELOPMENT_TEAM = 7S58P9LH7H;
				GENERATE_INFOPLIST_FILE = YES;
				IPHONEOS_DEPLOYMENT_TARGET = 15.5;
				MARKETING_VERSION = 1.0;
				PRODUCT_BUNDLE_IDENTIFIER = "romanKarasev.Let-s-Do-ItTests";
				PRODUCT_NAME = "$(TARGET_NAME)";
				SWIFT_EMIT_LOC_STRINGS = NO;
				SWIFT_VERSION = 5.0;
				TARGETED_DEVICE_FAMILY = "1,2";
				TEST_HOST = "$(BUILT_PRODUCTS_DIR)/Let's Do It.app/Let's Do It";
			};
			name = Release;
		};
		74A22F39289AE33D007B60AE /* Debug */ = {
			isa = XCBuildConfiguration;
			buildSettings = {
				ALWAYS_EMBED_SWIFT_STANDARD_LIBRARIES = YES;
				CODE_SIGN_STYLE = Automatic;
				CURRENT_PROJECT_VERSION = 1;
				DEVELOPMENT_TEAM = 7S58P9LH7H;
				GENERATE_INFOPLIST_FILE = YES;
				MARKETING_VERSION = 1.0;
				PRODUCT_BUNDLE_IDENTIFIER = "romanKarasev.Let-s-Do-ItUITests";
				PRODUCT_NAME = "$(TARGET_NAME)";
				SWIFT_EMIT_LOC_STRINGS = NO;
				SWIFT_VERSION = 5.0;
				TARGETED_DEVICE_FAMILY = "1,2";
				TEST_TARGET_NAME = "Let's Do It";
			};
			name = Debug;
		};
		74A22F3A289AE33D007B60AE /* Release */ = {
			isa = XCBuildConfiguration;
			buildSettings = {
				ALWAYS_EMBED_SWIFT_STANDARD_LIBRARIES = YES;
				CODE_SIGN_STYLE = Automatic;
				CURRENT_PROJECT_VERSION = 1;
				DEVELOPMENT_TEAM = 7S58P9LH7H;
				GENERATE_INFOPLIST_FILE = YES;
				MARKETING_VERSION = 1.0;
				PRODUCT_BUNDLE_IDENTIFIER = "romanKarasev.Let-s-Do-ItUITests";
				PRODUCT_NAME = "$(TARGET_NAME)";
				SWIFT_EMIT_LOC_STRINGS = NO;
				SWIFT_VERSION = 5.0;
				TARGETED_DEVICE_FAMILY = "1,2";
				TEST_TARGET_NAME = "Let's Do It";
			};
			name = Release;
		};
/* End XCBuildConfiguration section */

/* Begin XCConfigurationList section */
		74A22F00289AE33A007B60AE /* Build configuration list for PBXProject "Let's Do It" */ = {
			isa = XCConfigurationList;
			buildConfigurations = (
				74A22F30289AE33D007B60AE /* Debug */,
				74A22F31289AE33D007B60AE /* Release */,
			);
			defaultConfigurationIsVisible = 0;
			defaultConfigurationName = Release;
		};
		74A22F32289AE33D007B60AE /* Build configuration list for PBXNativeTarget "Let's Do It" */ = {
			isa = XCConfigurationList;
			buildConfigurations = (
				74A22F33289AE33D007B60AE /* Debug */,
				74A22F34289AE33D007B60AE /* Release */,
			);
			defaultConfigurationIsVisible = 0;
			defaultConfigurationName = Release;
		};
		74A22F35289AE33D007B60AE /* Build configuration list for PBXNativeTarget "Let's Do ItTests" */ = {
			isa = XCConfigurationList;
			buildConfigurations = (
				74A22F36289AE33D007B60AE /* Debug */,
				74A22F37289AE33D007B60AE /* Release */,
			);
			defaultConfigurationIsVisible = 0;
			defaultConfigurationName = Release;
		};
		74A22F38289AE33D007B60AE /* Build configuration list for PBXNativeTarget "Let's Do ItUITests" */ = {
			isa = XCConfigurationList;
			buildConfigurations = (
				74A22F39289AE33D007B60AE /* Debug */,
				74A22F3A289AE33D007B60AE /* Release */,
			);
			defaultConfigurationIsVisible = 0;
			defaultConfigurationName = Release;
		};
/* End XCConfigurationList section */

/* Begin XCRemoteSwiftPackageReference section */
		74A22F3C289AE7BB007B60AE /* XCRemoteSwiftPackageReference "FSCalendar" */ = {
			isa = XCRemoteSwiftPackageReference;
			repositoryURL = "https://github.com/WenchaoD/FSCalendar.git";
			requirement = {
				kind = upToNextMajorVersion;
				minimumVersion = 2.0.0;
			};
		};
/* End XCRemoteSwiftPackageReference section */

/* Begin XCSwiftPackageProductDependency section */
		74A22F3D289AE7BB007B60AE /* FSCalendar */ = {
			isa = XCSwiftPackageProductDependency;
			package = 74A22F3C289AE7BB007B60AE /* XCRemoteSwiftPackageReference "FSCalendar" */;
			productName = FSCalendar;
		};
/* End XCSwiftPackageProductDependency section */

/* Begin XCVersionGroup section */
		74A22F11289AE33A007B60AE /* Let_s_Do_It.xcdatamodeld */ = {
			isa = XCVersionGroup;
			children = (
				74A22F12289AE33A007B60AE /* Let_s_Do_It.xcdatamodel */,
			);
			currentVersion = 74A22F12289AE33A007B60AE /* Let_s_Do_It.xcdatamodel */;
			path = Let_s_Do_It.xcdatamodeld;
			sourceTree = "<group>";
			versionGroupType = wrapper.xcdatamodel;
		};
/* End XCVersionGroup section */
	};
	rootObject = 74A22EFD289AE33A007B60AE /* Project object */;
}
